Microsoft Visual Studio Solution File, Format Version 11.00
# Visual Studio 2008

Project("{93C3EB89-77BA-5EBA-D847-F20F7770AAB7}") = "Run Jump", "Assembly-CSharp.csproj", "{3E278168-D628-ACCA-C4C4-3EF60DAD960D}"
EndProject
Global
	GlobalSection(SolutionConfigurationPlatforms) = preSolution
		Debug|Any CPU = Debug|Any CPU
		Release|Any CPU = Release|Any CPU
	EndGlobalSection
	GlobalSection(ProjectConfigurationPlatforms) = postSolution
		{3E278168-D628-ACCA-C4C4-3EF60DAD960D}.Debug|Any CPU.ActiveCfg = Debug|Any CPU
		{3E278168-D628-ACCA-C4C4-3EF60DAD960D}.Debug|Any CPU.Build.0 = Debug|Any CPU
		{3E278168-D628-ACCA-C4C4-3EF60DAD960D}.Release|Any CPU.ActiveCfg = Release|Any CPU
		{3E278168-D628-ACCA-C4C4-3EF60DAD960D}.Release|Any CPU.Build.0 = Release|Any CPU
	EndGlobalSection
	GlobalSection(SolutionProperties) = preSolution
		HideSolutionNode = FALSE
	EndGlobalSection
	GlobalSection(MonoDevelopProperties) = preSolution
		StartupItem = Assembly-CSharp.csproj
	EndGlobalSection
EndGlobal
